github.com/aliyun/aliyun-oss-go-sdk v2.1.4+incompatible h1:6t4QUhWVCcnilQy+d3aO0zsaO7wH6N3geMo4wgbC4MY=
github.com/aliyun/aliyun-oss-go-sdk v2.1.4+incompatible/go.mod h1:T/Aws4fEfogEE9v+HPhhw+CntffsBHJ8nXQCwKr0/g8=
github.com/braumye/grobot v1.0.1 h1:0H/Am5BqyBUVN+PMMefmAe4NeoxOXPde3El9zrQn4Fw=
github.com/braumye/grobot v1.0.1/go.mod h1:F7VJ/W6xj64AyhvyuWP+qNbGLmXMV7AR0oemPiBOyg4=
github.com/davecgh/go-spew v1.1.0/go.mod h1:J7Y8YcW2NihsgmVo/mv3lAwl/skON4iLHjSsI+c5H38=
github.com/pmezard/go-difflib v1.0.0/go.mod h1:iKH77koFhYxTK1pcRnkKkqfTogsbg7gZNVY4sRDYZ/4=
github.com/stretchr/objx v0.1.0/go.mod h1:HFkY916IF+rwdDfMAkV7OtwuqBVzrE8GR6GFx+wExME=
github.com/stretchr/testify v1.3.0/go.mod h1:M5WIy9Dh21IEIfnGCwXGc5bZfKNJtfHm1UVUgZn+9EI=
golang.org/x/time v0.0.0-20200630173020-3af7569d3a1e h1:EHBhcS0mlXEAVwNyO2dLfjToGsyY4j24pTs2ScHnX7s=
golang.org/x/time v0.0.0-20200630173020-3af7569d3a1e/go.mod h1:tRJNPiyCQ0inRvYxbN9jk5I+vvW/OXSQhTDSoE431IQ=
